// !$*UTF8*$!
{
	archiveVersion = 1;
	classes = {
	};
	objectVersion = 46;
	objects = {

/* Begin PBXBuildFile section */
		040C07DB1EB8ED3800DD96AC /* ADBVkToken.m in Sources */ = {isa = PBXBuildFile; fileRef = 040C07DA1EB8ED3800DD96AC /* ADBVkToken.m */; };
		04E156CA1EB8F5B300EEC0E1 /* ADBFbAuthorizationViewController.m in Sources */ = {isa = PBXBuildFile; fileRef = 04E156C91EB8F5B300EEC0E1 /* ADBFbAuthorizationViewController.m */; };
		04E156CF1EB8F88700EEC0E1 /* Bolts.framework in Frameworks */ = {isa = PBXBuildFile; fileRef = 04E156CB1EB8F88700EEC0E1 /* Bolts.framework */; };
		04E156D01EB8F88700EEC0E1 /* FBSDKCoreKit.framework in Frameworks */ = {isa = PBXBuildFile; fileRef = 04E156CC1EB8F88700EEC0E1 /* FBSDKCoreKit.framework */; };
		04E156D11EB8F88700EEC0E1 /* FBSDKLoginKit.framework in Frameworks */ = {isa = PBXBuildFile; fileRef = 04E156CD1EB8F88700EEC0E1 /* FBSDKLoginKit.framework */; };
		04E156D21EB8F88700EEC0E1 /* FBSDKShareKit.framework in Frameworks */ = {isa = PBXBuildFile; fileRef = 04E156CE1EB8F88700EEC0E1 /* FBSDKShareKit.framework */; };
		04E156D61EB8FF9000EEC0E1 /* ADBAuthorizationChoiceController.m in Sources */ = {isa = PBXBuildFile; fileRef = 04E156D51EB8FF9000EEC0E1 /* ADBAuthorizationChoiceController.m */; };
		04E156DA1EB9004E00EEC0E1 /* ADBVKAuthorizationController.m in Sources */ = {isa = PBXBuildFile; fileRef = 04E156D91EB9004E00EEC0E1 /* ADBVKAuthorizationController.m */; };
		84326FEF1EB227FD00DE207F /* ADBContact.m in Sources */ = {isa = PBXBuildFile; fileRef = 84326FEE1EB227FD00DE207F /* ADBContact.m */; };
		84326FF41EB2288C00DE207F /* ADBAddressBook.m in Sources */ = {isa = PBXBuildFile; fileRef = 84326FF31EB2288C00DE207F /* ADBAddressBook.m */; };
		84326FF71EB22B7400DE207F /* ADBBookLoader.m in Sources */ = {isa = PBXBuildFile; fileRef = 84326FF61EB22B7400DE207F /* ADBBookLoader.m */; };
		84326FFD1EB239BA00DE207F /* ADBCellTableViewCell.m in Sources */ = {isa = PBXBuildFile; fileRef = 84326FFC1EB239BA00DE207F /* ADBCellTableViewCell.m */; };
		843270001EB23A4700DE207F /* ADBAvatar.m in Sources */ = {isa = PBXBuildFile; fileRef = 84326FFF1EB23A4700DE207F /* ADBAvatar.m */; };
		8439B1E91EB1252600C1FF89 /* main.m in Sources */ = {isa = PBXBuildFile; fileRef = 8439B1E81EB1252600C1FF89 /* main.m */; };
		8439B1EC1EB1252600C1FF89 /* AppDelegate.m in Sources */ = {isa = PBXBuildFile; fileRef = 8439B1EB1EB1252600C1FF89 /* AppDelegate.m */; };
		8439B1F41EB1252600C1FF89 /* Assets.xcassets in Resources */ = {isa = PBXBuildFile; fileRef = 8439B1F31EB1252600C1FF89 /* Assets.xcassets */; };
		8439B2071EB1263800C1FF89 /* ADBTableViewController.m in Sources */ = {isa = PBXBuildFile; fileRef = 8439B2061EB1263800C1FF89 /* ADBTableViewController.m */; };
		8448883F1EB518AF0021F827 /* Masonry.framework in Frameworks */ = {isa = PBXBuildFile; fileRef = 8448883A1EB511AA0021F827 /* Masonry.framework */; };
/* End PBXBuildFile section */

/* Begin PBXFileReference section */
		040C07D91EB8ED3800DD96AC /* ADBVkToken.h */ = {isa = PBXFileReference; fileEncoding = 4; lastKnownFileType = sourcecode.c.h; path = ADBVkToken.h; sourceTree = "<group>"; };
		040C07DA1EB8ED3800DD96AC /* ADBVkToken.m */ = {isa = PBXFileReference; fileEncoding = 4; lastKnownFileType = sourcecode.c.objc; path = ADBVkToken.m; sourceTree = "<group>"; };
		04E156C81EB8F5B300EEC0E1 /* ADBFbAuthorizationViewController.h */ = {isa = PBXFileReference; fileEncoding = 4; lastKnownFileType = sourcecode.c.h; path = ADBFbAuthorizationViewController.h; sourceTree = "<group>"; };
		04E156C91EB8F5B300EEC0E1 /* ADBFbAuthorizationViewController.m */ = {isa = PBXFileReference; fileEncoding = 4; lastKnownFileType = sourcecode.c.objc; path = ADBFbAuthorizationViewController.m; sourceTree = "<group>"; };
		04E156CB1EB8F88700EEC0E1 /* Bolts.framework */ = {isa = PBXFileReference; lastKnownFileType = wrapper.framework; name = Bolts.framework; path = "../../../../Documents/FacebookSDKs-iOS-4/Bolts.framework"; sourceTree = "<group>"; };
		04E156CC1EB8F88700EEC0E1 /* FBSDKCoreKit.framework */ = {isa = PBXFileReference; lastKnownFileType = wrapper.framework; name = FBSDKCoreKit.framework; path = "../../../../Documents/FacebookSDKs-iOS-4/FBSDKCoreKit.framework"; sourceTree = "<group>"; };
		04E156CD1EB8F88700EEC0E1 /* FBSDKLoginKit.framework */ = {isa = PBXFileReference; lastKnownFileType = wrapper.framework; name = FBSDKLoginKit.framework; path = "../../../../Documents/FacebookSDKs-iOS-4/FBSDKLoginKit.framework"; sourceTree = "<group>"; };
		04E156CE1EB8F88700EEC0E1 /* FBSDKShareKit.framework */ = {isa = PBXFileReference; lastKnownFileType = wrapper.framework; name = FBSDKShareKit.framework; path = "../../../../Documents/FacebookSDKs-iOS-4/FBSDKShareKit.framework"; sourceTree = "<group>"; };
		04E156D41EB8FF9000EEC0E1 /* ADBAuthorizationChoiceController.h */ = {isa = PBXFileReference; fileEncoding = 4; lastKnownFileType = sourcecode.c.h; path = ADBAuthorizationChoiceController.h; sourceTree = "<group>"; };
		04E156D51EB8FF9000EEC0E1 /* ADBAuthorizationChoiceController.m */ = {isa = PBXFileReference; fileEncoding = 4; lastKnownFileType = sourcecode.c.objc; path = ADBAuthorizationChoiceController.m; sourceTree = "<group>"; };
		04E156D81EB9004E00EEC0E1 /* ADBVKAuthorizationController.h */ = {isa = PBXFileReference; fileEncoding = 4; lastKnownFileType = sourcecode.c.h; path = ADBVKAuthorizationController.h; sourceTree = "<group>"; };
		04E156D91EB9004E00EEC0E1 /* ADBVKAuthorizationController.m */ = {isa = PBXFileReference; fileEncoding = 4; lastKnownFileType = sourcecode.c.objc; path = ADBVKAuthorizationController.m; sourceTree = "<group>"; };
		84326FED1EB227FD00DE207F /* ADBContact.h */ = {isa = PBXFileReference; fileEncoding = 4; lastKnownFileType = sourcecode.c.h; path = ADBContact.h; sourceTree = "<group>"; };
		84326FEE1EB227FD00DE207F /* ADBContact.m */ = {isa = PBXFileReference; fileEncoding = 4; lastKnownFileType = sourcecode.c.objc; path = ADBContact.m; sourceTree = "<group>"; };
		84326FF21EB2288C00DE207F /* ADBAddressBook.h */ = {isa = PBXFileReference; fileEncoding = 4; lastKnownFileType = sourcecode.c.h; path = ADBAddressBook.h; sourceTree = "<group>"; };
		84326FF31EB2288C00DE207F /* ADBAddressBook.m */ = {isa = PBXFileReference; fileEncoding = 4; lastKnownFileType = sourcecode.c.objc; path = ADBAddressBook.m; sourceTree = "<group>"; };
		84326FF51EB22B7400DE207F /* ADBBookLoader.h */ = {isa = PBXFileReference; fileEncoding = 4; lastKnownFileType = sourcecode.c.h; path = ADBBookLoader.h; sourceTree = "<group>"; };
		84326FF61EB22B7400DE207F /* ADBBookLoader.m */ = {isa = PBXFileReference; fileEncoding = 4; lastKnownFileType = sourcecode.c.objc; path = ADBBookLoader.m; sourceTree = "<group>"; };
		84326FFB1EB239BA00DE207F /* ADBCellTableViewCell.h */ = {isa = PBXFileReference; fileEncoding = 4; lastKnownFileType = sourcecode.c.h; path = ADBCellTableViewCell.h; sourceTree = "<group>"; };
		84326FFC1EB239BA00DE207F /* ADBCellTableViewCell.m */ = {isa = PBXFileReference; fileEncoding = 4; lastKnownFileType = sourcecode.c.objc; path = ADBCellTableViewCell.m; sourceTree = "<group>"; };
		84326FFE1EB23A4700DE207F /* ADBAvatar.h */ = {isa = PBXFileReference; fileEncoding = 4; lastKnownFileType = sourcecode.c.h; path = ADBAvatar.h; sourceTree = "<group>"; };
		84326FFF1EB23A4700DE207F /* ADBAvatar.m */ = {isa = PBXFileReference; fileEncoding = 4; lastKnownFileType = sourcecode.c.objc; path = ADBAvatar.m; sourceTree = "<group>"; };
		8439B1E41EB1252600C1FF89 /* 20170426-addressBook.app */ = {isa = PBXFileReference; explicitFileType = wrapper.application; includeInIndex = 0; path = "20170426-addressBook.app"; sourceTree = BUILT_PRODUCTS_DIR; };
		8439B1E81EB1252600C1FF89 /* main.m */ = {isa = PBXFileReference; lastKnownFileType = sourcecode.c.objc; path = main.m; sourceTree = "<group>"; };
		8439B1EA1EB1252600C1FF89 /* AppDelegate.h */ = {isa = PBXFileReference; lastKnownFileType = sourcecode.c.h; path = AppDelegate.h; sourceTree = "<group>"; };
		8439B1EB1EB1252600C1FF89 /* AppDelegate.m */ = {isa = PBXFileReference; lastKnownFileType = sourcecode.c.objc; path = AppDelegate.m; sourceTree = "<group>"; };
		8439B1F31EB1252600C1FF89 /* Assets.xcassets */ = {isa = PBXFileReference; lastKnownFileType = folder.assetcatalog; path = Assets.xcassets; sourceTree = "<group>"; };
		8439B1F81EB1252600C1FF89 /* Info.plist */ = {isa = PBXFileReference; lastKnownFileType = text.plist.xml; path = Info.plist; sourceTree = "<group>"; };
		8439B2051EB1263800C1FF89 /* ADBTableViewController.h */ = {isa = PBXFileReference; fileEncoding = 4; lastKnownFileType = sourcecode.c.h; path = ADBTableViewController.h; sourceTree = "<group>"; };
		8439B2061EB1263800C1FF89 /* ADBTableViewController.m */ = {isa = PBXFileReference; fileEncoding = 4; lastKnownFileType = sourcecode.c.objc; path = ADBTableViewController.m; sourceTree = "<group>"; };
		8448883A1EB511AA0021F827 /* Masonry.framework */ = {isa = PBXFileReference; lastKnownFileType = wrapper.framework; name = Masonry.framework; path = Carthage/Build/iOS/Masonry.framework; sourceTree = "<group>"; };
		8448883B1EB511AA0021F827 /* Masonry.framework.dSYM */ = {isa = PBXFileReference; lastKnownFileType = wrapper.dsym; name = Masonry.framework.dSYM; path = Carthage/Build/iOS/Masonry.framework.dSYM; sourceTree = "<group>"; };
/* End PBXFileReference section */

/* Begin PBXFrameworksBuildPhase section */
		8439B1E11EB1252600C1FF89 /* Frameworks */ = {
			isa = PBXFrameworksBuildPhase;
			buildActionMask = 2147483647;
			files = (
				8448883F1EB518AF0021F827 /* Masonry.framework in Frameworks */,
				04E156D01EB8F88700EEC0E1 /* FBSDKCoreKit.framework in Frameworks */,
				04E156D21EB8F88700EEC0E1 /* FBSDKShareKit.framework in Frameworks */,
				04E156D11EB8F88700EEC0E1 /* FBSDKLoginKit.framework in Frameworks */,
				04E156CF1EB8F88700EEC0E1 /* Bolts.framework in Frameworks */,
			);
			runOnlyForDeploymentPostprocessing = 0;
		};
/* End PBXFrameworksBuildPhase section */

/* Begin PBXGroup section */
		040C07D81EB8ED1700DD96AC /* VK Access Token */ = {
			isa = PBXGroup;
			children = (
				040C07D91EB8ED3800DD96AC /* ADBVkToken.h */,
				040C07DA1EB8ED3800DD96AC /* ADBVkToken.m */,
			);
			name = "VK Access Token";
			sourceTree = "<group>";
		};
		04E156C71EB8F54F00EEC0E1 /* Facebook Authorization View */ = {
			isa = PBXGroup;
			children = (
				04E156C81EB8F5B300EEC0E1 /* ADBFbAuthorizationViewController.h */,
				04E156C91EB8F5B300EEC0E1 /* ADBFbAuthorizationViewController.m */,
			);
			name = "Facebook Authorization View";
			sourceTree = "<group>";
		};
		04E156D31EB8FF6900EEC0E1 /* Choose how to authorize Controller */ = {
			isa = PBXGroup;
			children = (
				04E156D41EB8FF9000EEC0E1 /* ADBAuthorizationChoiceController.h */,
				04E156D51EB8FF9000EEC0E1 /* ADBAuthorizationChoiceController.m */,
			);
			name = "Choose how to authorize Controller";
			sourceTree = "<group>";
		};
		04E156D71EB9003500EEC0E1 /* VK Authorization View */ = {
			isa = PBXGroup;
			children = (
				04E156D81EB9004E00EEC0E1 /* ADBVKAuthorizationController.h */,
				04E156D91EB9004E00EEC0E1 /* ADBVKAuthorizationController.m */,
			);
			name = "VK Authorization View";
			sourceTree = "<group>";
		};
		84326FF01EB2286700DE207F /* Contact */ = {
			isa = PBXGroup;
			children = (
				84326FED1EB227FD00DE207F /* ADBContact.h */,
				84326FEE1EB227FD00DE207F /* ADBContact.m */,
			);
			name = Contact;
			sourceTree = "<group>";
		};
		84326FF11EB2286F00DE207F /* AddressBook */ = {
			isa = PBXGroup;
			children = (
				84326FF21EB2288C00DE207F /* ADBAddressBook.h */,
				84326FF31EB2288C00DE207F /* ADBAddressBook.m */,
			);
			name = AddressBook;
			sourceTree = "<group>";
		};
		84326FF81EB22C7E00DE207F /* Loader */ = {
			isa = PBXGroup;
			children = (
				84326FF51EB22B7400DE207F /* ADBBookLoader.h */,
				84326FF61EB22B7400DE207F /* ADBBookLoader.m */,
			);
			name = Loader;
			sourceTree = "<group>";
		};
		84326FF91EB236FF00DE207F /* Avatar */ = {
			isa = PBXGroup;
			children = (
				84326FFE1EB23A4700DE207F /* ADBAvatar.h */,
				84326FFF1EB23A4700DE207F /* ADBAvatar.m */,
			);
			name = Avatar;
			sourceTree = "<group>";
		};
		84326FFA1EB2371000DE207F /* Cell */ = {
			isa = PBXGroup;
			children = (
				84326FFB1EB239BA00DE207F /* ADBCellTableViewCell.h */,
				84326FFC1EB239BA00DE207F /* ADBCellTableViewCell.m */,
			);
			name = Cell;
			sourceTree = "<group>";
		};
		8439B1DB1EB1252600C1FF89 = {
			isa = PBXGroup;
			children = (
				8439B1E61EB1252600C1FF89 /* 20170426-addressBook */,
				8439B1E51EB1252600C1FF89 /* Products */,
				844888391EB511A90021F827 /* Frameworks */,
			);
			sourceTree = "<group>";
		};
		8439B1E51EB1252600C1FF89 /* Products */ = {
			isa = PBXGroup;
			children = (
				8439B1E41EB1252600C1FF89 /* 20170426-addressBook.app */,
			);
			name = Products;
			sourceTree = "<group>";
		};
		8439B1E61EB1252600C1FF89 /* 20170426-addressBook */ = {
			isa = PBXGroup;
			children = (
				8439B2001EB1255A00C1FF89 /* View */,
				8439B1FE1EB1254C00C1FF89 /* Model */,
				8439B1EA1EB1252600C1FF89 /* AppDelegate.h */,
				8439B1EB1EB1252600C1FF89 /* AppDelegate.m */,
				8439B1F31EB1252600C1FF89 /* Assets.xcassets */,
				8439B1F81EB1252600C1FF89 /* Info.plist */,
				8439B1E71EB1252600C1FF89 /* Supporting Files */,
			);
			path = "20170426-addressBook";
			sourceTree = "<group>";
		};
		8439B1E71EB1252600C1FF89 /* Supporting Files */ = {
			isa = PBXGroup;
			children = (
				8439B1E81EB1252600C1FF89 /* main.m */,
			);
			name = "Supporting Files";
			sourceTree = "<group>";
		};
		8439B1FE1EB1254C00C1FF89 /* Model */ = {
			isa = PBXGroup;
			children = (
				040C07D81EB8ED1700DD96AC /* VK Access Token */,
				84326FF81EB22C7E00DE207F /* Loader */,
				84326FF11EB2286F00DE207F /* AddressBook */,
				84326FF01EB2286700DE207F /* Contact */,
			);
			name = Model;
			sourceTree = "<group>";
		};
		8439B2001EB1255A00C1FF89 /* View */ = {
			isa = PBXGroup;
			children = (
				04E156D71EB9003500EEC0E1 /* VK Authorization View */,
				04E156D31EB8FF6900EEC0E1 /* Choose how to authorize Controller */,
				04E156C71EB8F54F00EEC0E1 /* Facebook Authorization View */,
				84326FFA1EB2371000DE207F /* Cell */,
				84326FF91EB236FF00DE207F /* Avatar */,
				8439B2081EB1268B00C1FF89 /* TableViewController */,
			);
			name = View;
			sourceTree = "<group>";
		};
		8439B2081EB1268B00C1FF89 /* TableViewController */ = {
			isa = PBXGroup;
			children = (
				8439B2051EB1263800C1FF89 /* ADBTableViewController.h */,
				8439B2061EB1263800C1FF89 /* ADBTableViewController.m */,
			);
			name = TableViewController;
			sourceTree = "<group>";
		};
		844888391EB511A90021F827 /* Frameworks */ = {
			isa = PBXGroup;
			children = (
				8448883A1EB511AA0021F827 /* Masonry.framework */,
				8448883B1EB511AA0021F827 /* Masonry.framework.dSYM */,
				04E156CB1EB8F88700EEC0E1 /* Bolts.framework */,
				04E156CC1EB8F88700EEC0E1 /* FBSDKCoreKit.framework */,
				04E156CD1EB8F88700EEC0E1 /* FBSDKLoginKit.framework */,
				04E156CE1EB8F88700EEC0E1 /* FBSDKShareKit.framework */,
			);
			name = Frameworks;
			sourceTree = "<group>";
		};
/* End PBXGroup section */

/* Begin PBXNativeTarget section */
		8439B1E31EB1252600C1FF89 /* 20170426-addressBook */ = {
			isa = PBXNativeTarget;
			buildConfigurationList = 8439B1FB1EB1252600C1FF89 /* Build configuration list for PBXNativeTarget "20170426-addressBook" */;
			buildPhases = (
				8439B1E01EB1252600C1FF89 /* Sources */,
				8439B1E11EB1252600C1FF89 /* Frameworks */,
				8439B1E21EB1252600C1FF89 /* Resources */,
				844888401EB518C00021F827 /* ShellScript */,
			);
			buildRules = (
			);
			dependencies = (
			);
			name = "20170426-addressBook";
			productName = "20170426-addressBook";
			productReference = 8439B1E41EB1252600C1FF89 /* 20170426-addressBook.app */;
			productType = "com.apple.product-type.application";
		};
/* End PBXNativeTarget section */

/* Begin PBXProject section */
		8439B1DC1EB1252600C1FF89 /* Project object */ = {
			isa = PBXProject;
			attributes = {
				LastUpgradeCheck = 0830;
				ORGANIZATIONNAME = Admin;
				TargetAttributes = {
					8439B1E31EB1252600C1FF89 = {
						CreatedOnToolsVersion = 8.3.1;
						ProvisioningStyle = Automatic;
					};
				};
			};
			buildConfigurationList = 8439B1DF1EB1252600C1FF89 /* Build configuration list for PBXProject "20170426-addressBook" */;
			compatibilityVersion = "Xcode 3.2";
			developmentRegion = English;
			hasScannedForEncodings = 0;
			knownRegions = (
				en,
				Base,
			);
			mainGroup = 8439B1DB1EB1252600C1FF89;
			productRefGroup = 8439B1E51EB1252600C1FF89 /* Products */;
			projectDirPath = "";
			projectRoot = "";
			targets = (
				8439B1E31EB1252600C1FF89 /* 20170426-addressBook */,
			);
		};
/* End PBXProject section */

/* Begin PBXResourcesBuildPhase section */
		8439B1E21EB1252600C1FF89 /* Resources */ = {
			isa = PBXResourcesBuildPhase;
			buildActionMask = 2147483647;
			files = (
				8439B1F41EB1252600C1FF89 /* Assets.xcassets in Resources */,
			);
			runOnlyForDeploymentPostprocessing = 0;
		};
/* End PBXResourcesBuildPhase section */

/* Begin PBXShellScriptBuildPhase section */
		844888401EB518C00021F827 /* ShellScript */ = {
			isa = PBXShellScriptBuildPhase;
			buildActionMask = 12;
			files = (
			);
			inputPaths = (
				"$(SRCROOT)/Carthage/Build/iOS/Masonry.framework",
			);
			outputPaths = (
			);
			runOnlyForDeploymentPostprocessing = 0;
			shellPath = /bin/sh;
			shellScript = "/usr/local/bin/carthage copy-frameworks";
		};
/* End PBXShellScriptBuildPhase section */

/* Begin PBXSourcesBuildPhase section */
		8439B1E01EB1252600C1FF89 /* Sources */ = {
			isa = PBXSourcesBuildPhase;
			buildActionMask = 2147483647;
			files = (
				8439B1EC1EB1252600C1FF89 /* AppDelegate.m in Sources */,
				8439B2071EB1263800C1FF89 /* ADBTableViewController.m in Sources */,
				04E156DA1EB9004E00EEC0E1 /* ADBVKAuthorizationController.m in Sources */,
				8439B1E91EB1252600C1FF89 /* main.m in Sources */,
				84326FFD1EB239BA00DE207F /* ADBCellTableViewCell.m in Sources */,
				040C07DB1EB8ED3800DD96AC /* ADBVkToken.m in Sources */,
				84326FF71EB22B7400DE207F /* ADBBookLoader.m in Sources */,
				84326FEF1EB227FD00DE207F /* ADBContact.m in Sources */,
				04E156CA1EB8F5B300EEC0E1 /* ADBFbAuthorizationViewController.m in Sources */,
				843270001EB23A4700DE207F /* ADBAvatar.m in Sources */,
				04E156D61EB8FF9000EEC0E1 /* ADBAuthorizationChoiceController.m in Sources */,
				84326FF41EB2288C00DE207F /* ADBAddressBook.m in Sources */,
			);
			runOnlyForDeploymentPostprocessing = 0;
		};
/* End PBXSourcesBuildPhase section */

/* Begin XCBuildConfiguration section */
		8439B1F91EB1252600C1FF89 /* Debug */ = {
			isa = XCBuildConfiguration;
			buildSettings = {
				ALWAYS_SEARCH_USER_PATHS = NO;
				CLANG_ANALYZER_NONNULL = YES;
				CLANG_ANALYZER_NUMBER_OBJECT_CONVERSION = YES_AGGRESSIVE;
				CLANG_CXX_LANGUAGE_STANDARD = "gnu++0x";
				CLANG_CXX_LIBRARY = "libc++";
				CLANG_ENABLE_MODULES = YES;
				CLANG_ENABLE_OBJC_ARC = YES;
				CLANG_WARN_BOOL_CONVERSION = YES;
				CLANG_WARN_CONSTANT_CONVERSION = YES;
				CLANG_WARN_DIRECT_OBJC_ISA_USAGE = YES_ERROR;
				CLANG_WARN_DOCUMENTATION_COMMENTS = YES;
				CLANG_WARN_EMPTY_BODY = YES;
				CLANG_WARN_ENUM_CONVERSION = YES;
				CLANG_WARN_INFINITE_RECURSION = YES;
				CLANG_WARN_INT_CONVERSION = YES;
				CLANG_WARN_OBJC_ROOT_CLASS = YES_ERROR;
				CLANG_WARN_SUSPICIOUS_MOVE = YES;
				CLANG_WARN_UNREACHABLE_CODE = YES;
				CLANG_WARN__DUPLICATE_METHOD_MATCH = YES;
				"CODE_SIGN_IDENTITY[sdk=iphoneos*]" = "iPhone Developer";
				COPY_PHASE_STRIP = NO;
				DEBUG_INFORMATION_FORMAT = dwarf;
				ENABLE_STRICT_OBJC_MSGSEND = YES;
				ENABLE_TESTABILITY = YES;
				FRAMEWORK_SEARCH_PATHS = "~/Documents/FacebookSDKs-iOS-4";
				GCC_C_LANGUAGE_STANDARD = gnu99;
				GCC_DYNAMIC_NO_PIC = NO;
				GCC_NO_COMMON_BLOCKS = YES;
				GCC_OPTIMIZATION_LEVEL = 0;
				GCC_PREPROCESSOR_DEFINITIONS = (
					"DEBUG=1",
					"$(inherited)",
				);
				GCC_WARN_64_TO_32_BIT_CONVERSION = YES;
				GCC_WARN_ABOUT_RETURN_TYPE = YES_ERROR;
				GCC_WARN_UNDECLARED_SELECTOR = YES;
				GCC_WARN_UNINITIALIZED_AUTOS = YES_AGGRESSIVE;
				GCC_WARN_UNUSED_FUNCTION = YES;
				GCC_WARN_UNUSED_VARIABLE = YES;
				IPHONEOS_DEPLOYMENT_TARGET = 8.0;
				MTL_ENABLE_DEBUG_INFO = YES;
				ONLY_ACTIVE_ARCH = YES;
				SDKROOT = iphoneos;
				TARGETED_DEVICE_FAMILY = "1,2";
			};
			name = Debug;
		};
		8439B1FA1EB1252600C1FF89 /* Release */ = {
			isa = XCBuildConfiguration;
			buildSettings = {
				ALWAYS_SEARCH_USER_PATHS = NO;
				CLANG_ANALYZER_NONNULL = YES;
				CLANG_ANALYZER_NUMBER_OBJECT_CONVERSION = YES_AGGRESSIVE;
				CLANG_CXX_LANGUAGE_STANDARD = "gnu++0x";
				CLANG_CXX_LIBRARY = "libc++";
				CLANG_ENABLE_MODULES = YES;
				CLANG_ENABLE_OBJC_ARC = YES;
				CLANG_WARN_BOOL_CONVERSION = YES;
				CLANG_WARN_CONSTANT_CONVERSION = YES;
				CLANG_WARN_DIRECT_OBJC_ISA_USAGE = YES_ERROR;
				CLANG_WARN_DOCUMENTATION_COMMENTS = YES;
				CLANG_WARN_EMPTY_BODY = YES;
				CLANG_WARN_ENUM_CONVERSION = YES;
				CLANG_WARN_INFINITE_RECURSION = YES;
				CLANG_WARN_INT_CONVERSION = YES;
				CLANG_WARN_OBJC_ROOT_CLASS = YES_ERROR;
				CLANG_WARN_SUSPICIOUS_MOVE = YES;
				CLANG_WARN_UNREACHABLE_CODE = YES;
				CLANG_WARN__DUPLICATE_METHOD_MATCH = YES;
				"CODE_SIGN_IDENTITY[sdk=iphoneos*]" = "iPhone Developer";
				COPY_PHASE_STRIP = NO;
				DEBUG_INFORMATION_FORMAT = "dwarf-with-dsym";
				ENABLE_NS_ASSERTIONS = NO;
				ENABLE_STRICT_OBJC_MSGSEND = YES;
				FRAMEWORK_SEARCH_PATHS = "~/Documents/FacebookSDKs-iOS-4";
				GCC_C_LANGUAGE_STANDARD = gnu99;
				GCC_NO_COMMON_BLOCKS = YES;
				GCC_WARN_64_TO_32_BIT_CONVERSION = YES;
				GCC_WARN_ABOUT_RETURN_TYPE = YES_ERROR;
				GCC_WARN_UNDECLARED_SELECTOR = YES;
				GCC_WARN_UNINITIALIZED_AUTOS = YES_AGGRESSIVE;
				GCC_WARN_UNUSED_FUNCTION = YES;
				GCC_WARN_UNUSED_VARIABLE = YES;
				IPHONEOS_DEPLOYMENT_TARGET = 8.0;
				MTL_ENABLE_DEBUG_INFO = NO;
				SDKROOT = iphoneos;
				TARGETED_DEVICE_FAMILY = "1,2";
				VALIDATE_PRODUCT = YES;
			};
			name = Release;
		};
		8439B1FC1EB1252600C1FF89 /* Debug */ = {
			isa = XCBuildConfiguration;
			buildSettings = {
				ASSETCATALOG_COMPILER_APPICON_NAME = AppIcon;
				DEVELOPMENT_TEAM = "";
				FRAMEWORK_SEARCH_PATHS = (
					"$(inherited)",
					"$(PROJECT_DIR)/Carthage/Build/iOS",
				);
				INFOPLIST_FILE = "20170426-addressBook/Info.plist";
				IPHONEOS_DEPLOYMENT_TARGET = 8.0;
				LD_RUNPATH_SEARCH_PATHS = "$(inherited) @executable_path/Frameworks";
				PRODUCT_BUNDLE_IDENTIFIER = "mz.-0170426-addressBook";
				PRODUCT_NAME = "$(TARGET_NAME)";
			};
			name = Debug;
		};
		8439B1FD1EB1252600C1FF89 /* Release */ = {
			isa = XCBuildConfiguration;
			buildSettings = {
				ASSETCATALOG_COMPILER_APPICON_NAME = AppIcon;
				DEVELOPMENT_TEAM = "";
				FRAMEWORK_SEARCH_PATHS = (
					"$(inherited)",
					"$(PROJECT_DIR)/Carthage/Build/iOS",
				);
				INFOPLIST_FILE = "20170426-addressBook/Info.plist";
				IPHONEOS_DEPLOYMENT_TARGET = 8.0;
				LD_RUNPATH_SEARCH_PATHS = "$(inherited) @executable_path/Frameworks";
				PRODUCT_BUNDLE_IDENTIFIER = "mz.-0170426-addressBook";
				PRODUCT_NAME = "$(TARGET_NAME)";
			};
			name = Release;
		};
/* End XCBuildConfiguration section */

/* Begin XCConfigurationList section */
		8439B1DF1EB1252600C1FF89 /* Build configuration list for PBXProject "20170426-addressBook" */ = {
			isa = XCConfigurationList;
			buildConfigurations = (
				8439B1F91EB1252600C1FF89 /* Debug */,
				8439B1FA1EB1252600C1FF89 /* Release */,
			);
			defaultConfigurationIsVisible = 0;
			defaultConfigurationName = Release;
		};
		8439B1FB1EB1252600C1FF89 /* Build configuration list for PBXNativeTarget "20170426-addressBook" */ = {
			isa = XCConfigurationList;
			buildConfigurations = (
				8439B1FC1EB1252600C1FF89 /* Debug */,
				8439B1FD1EB1252600C1FF89 /* Release */,
			);
			defaultConfigurationIsVisible = 0;
			defaultConfigurationName = Release;
		};
/* End XCConfigurationList section */
	};
	rootObject = 8439B1DC1EB1252600C1FF89 /* Project object */;
}
